
Microsoft Visual Studio Solution File, Format Version 12.00
# Visual Studio Version 16
VisualStudioVersion = 16.0.29806.167
MinimumVisualStudioVersion = 10.0.40219.1
Project("{FAE04EC0-301F-11D3-BF4B-00C04F79EFBC}") = "Receiver.Api", "Receiver.Api\Receiver.Api.csproj", "{6607E36A-89EE-4395-9238-9AC3153CB639}"
EndProject
Project("{FAE04EC0-301F-11D3-BF4B-00C04F79EFBC}") = "BulkResponse.con", "BulkResponse.con\BulkResponse.con.csproj", "{37D31C24-AAFC-41FA-AAC8-9BBE20B6DEC5}"
EndProject
Global
	GlobalSection(SolutionConfigurationPlatforms) = preSolution
		Debug|Any CPU = Debug|Any CPU
		Release|Any CPU = Release|Any CPU
	EndGlobalSection
	GlobalSection(ProjectConfigurationPlatforms) = postSolution
		{6607E36A-89EE-4395-9238-9AC3153CB639}.Debug|Any CPU.ActiveCfg = Debug|Any CPU
		{6607E36A-89EE-4395-9238-9AC3153CB639}.Debug|Any CPU.Build.0 = Debug|Any CPU
		{6607E36A-89EE-4395-9238-9AC3153CB639}.Release|Any CPU.ActiveCfg = Release|Any CPU
		{6607E36A-89EE-4395-9238-9AC3153CB639}.Release|Any CPU.Build.0 = Release|Any CPU
		{37D31C24-AAFC-41FA-AAC8-9BBE20B6DEC5}.Debug|Any CPU.ActiveCfg = Debug|Any CPU
		{37D31C24-AAFC-41FA-AAC8-9BBE20B6DEC5}.Debug|Any CPU.Build.0 = Debug|Any CPU
		{37D31C24-AAFC-41FA-AAC8-9BBE20B6DEC5}.Release|Any CPU.ActiveCfg = Release|Any CPU
		{37D31C24-AAFC-41FA-AAC8-9BBE20B6DEC5}.Release|Any CPU.Build.0 = Release|Any CPU
	EndGlobalSection
	GlobalSection(SolutionProperties) = preSolution
		HideSolutionNode = FALSE
	EndGlobalSection
	GlobalSection(ExtensibilityGlobals) = postSolution
		SolutionGuid = {2E472F7B-7B09-44A1-BF4C-BD59CB90A7AB}
	EndGlobalSection
EndGlobal
